// !$*UTF8*$!
{
	archiveVersion = 1;
	classes = {
	};
	objectVersion = 48;
	objects = {

/* Begin PBXBuildFile section */
		92A9928820396B7300BD2044 /* AppDelegate.swift in Sources */ = {isa = PBXBuildFile; fileRef = 92A9928720396B7300BD2044 /* AppDelegate.swift */; };
		92A9928A20396B7300BD2044 /* ViewController.swift in Sources */ = {isa = PBXBuildFile; fileRef = 92A9928920396B7300BD2044 /* ViewController.swift */; };
		92A9928D20396B7300BD2044 /* Main.storyboard in Resources */ = {isa = PBXBuildFile; fileRef = 92A9928B20396B7300BD2044 /* Main.storyboard */; };
		92A9928F20396B7300BD2044 /* Assets.xcassets in Resources */ = {isa = PBXBuildFile; fileRef = 92A9928E20396B7300BD2044 /* Assets.xcassets */; };
		92A9929220396B7300BD2044 /* LaunchScreen.storyboard in Resources */ = {isa = PBXBuildFile; fileRef = 92A9929020396B7300BD2044 /* LaunchScreen.storyboard */; };
		92A9929B20396BFE00BD2044 /* Bilangan.swift in Sources */ = {isa = PBXBuildFile; fileRef = 92A9929A20396BFE00BD2044 /* Bilangan.swift */; };
		92A9929D20397B8000BD2044 /* ViewController2.swift in Sources */ = {isa = PBXBuildFile; fileRef = 92A9929C20397B8000BD2044 /* ViewController2.swift */; };
/* End PBXBuildFile section */

/* Begin PBXFileReference section */
		92A9928420396B7300BD2044 /* starter-test.app */ = {isa = PBXFileReference; explicitFileType = wrapper.application; includeInIndex = 0; path = "starter-test.app"; sourceTree = BUILT_PRODUCTS_DIR; };
		92A9928720396B7300BD2044 /* AppDelegate.swift */ = {isa = PBXFileReference; lastKnownFileType = sourcecode.swift; path = AppDelegate.swift; sourceTree = "<group>"; };
		92A9928920396B7300BD2044 /* ViewController.swift */ = {isa = PBXFileReference; lastKnownFileType = sourcecode.swift; path = ViewController.swift; sourceTree = "<group>"; };
		92A9928C20396B7300BD2044 /* Base */ = {isa = PBXFileReference; lastKnownFileType = file.storyboard; name = Base; path = Base.lproj/Main.storyboard; sourceTree = "<group>"; };
		92A9928E20396B7300BD2044 /* Assets.xcassets */ = {isa = PBXFileReference; lastKnownFileType = folder.assetcatalog; path = Assets.xcassets; sourceTree = "<group>"; };
		92A9929120396B7300BD2044 /* Base */ = {isa = PBXFileReference; lastKnownFileType = file.storyboard; name = Base; path = Base.lproj/LaunchScreen.storyboard; sourceTree = "<group>"; };
		92A9929320396B7300BD2044 /* Info.plist */ = {isa = PBXFileReference; lastKnownFileType = text.plist.xml; path = Info.plist; sourceTree = "<group>"; };
		92A9929A20396BFE00BD2044 /* Bilangan.swift */ = {isa = PBXFileReference; lastKnownFileType = sourcecode.swift; path = Bilangan.swift; sourceTree = "<group>"; };
		92A9929C20397B8000BD2044 /* ViewController2.swift */ = {isa = PBXFileReference; lastKnownFileType = sourcecode.swift; path = ViewController2.swift; sourceTree = "<group>"; };
/* End PBXFileReference section */

/* Begin PBXFrameworksBuildPhase section */
		92A9928120396B7200BD2044 /* Frameworks */ = {
			isa = PBXFrameworksBuildPhase;
			buildActionMask = 2147483647;
			files = (
			);
			runOnlyForDeploymentPostprocessing = 0;
		};
/* End PBXFrameworksBuildPhase section */

/* Begin PBXGroup section */
		92A9927B20396B7200BD2044 = {
			isa = PBXGroup;
			children = (
				92A9928620396B7300BD2044 /* starter-test */,
				92A9928520396B7300BD2044 /* Products */,
			);
			sourceTree = "<group>";
		};
		92A9928520396B7300BD2044 /* Products */ = {
			isa = PBXGroup;
			children = (
				92A9928420396B7300BD2044 /* starter-test.app */,
			);
			name = Products;
			sourceTree = "<group>";
		};
		92A9928620396B7300BD2044 /* starter-test */ = {
			isa = PBXGroup;
			children = (
				92A9929920396B8B00BD2044 /* Classes */,
				92A9928720396B7300BD2044 /* AppDelegate.swift */,
				92A9928920396B7300BD2044 /* ViewController.swift */,
				92A9929C20397B8000BD2044 /* ViewController2.swift */,
				92A9928B20396B7300BD2044 /* Main.storyboard */,
				92A9928E20396B7300BD2044 /* Assets.xcassets */,
				92A9929020396B7300BD2044 /* LaunchScreen.storyboard */,
				92A9929320396B7300BD2044 /* Info.plist */,
			);
			path = "starter-test";
			sourceTree = "<group>";
		};
		92A9929920396B8B00BD2044 /* Classes */ = {
			isa = PBXGroup;
			children = (
				92A9929A20396BFE00BD2044 /* Bilangan.swift */,
			);
			path = Classes;
			sourceTree = "<group>";
		};
/* End PBXGroup section */

/* Begin PBXNativeTarget section */
		92A9928320396B7200BD2044 /* starter-test */ = {
			isa = PBXNativeTarget;
			buildConfigurationList = 92A9929620396B7300BD2044 /* Build configuration list for PBXNativeTarget "starter-test" */;
			buildPhases = (
				92A9928020396B7200BD2044 /* Sources */,
				92A9928120396B7200BD2044 /* Frameworks */,
				92A9928220396B7200BD2044 /* Resources */,
			);
			buildRules = (
			);
			dependencies = (
			);
			name = "starter-test";
			productName = "starter-test";
			productReference = 92A9928420396B7300BD2044 /* starter-test.app */;
			productType = "com.apple.product-type.application";
		};
/* End PBXNativeTarget section */

/* Begin PBXProject section */
		92A9927C20396B7200BD2044 /* Project object */ = {
			isa = PBXProject;
			attributes = {
				LastSwiftUpdateCheck = 0910;
				LastUpgradeCheck = 0910;
				ORGANIZATIONNAME = "GITS Indonesia";
				TargetAttributes = {
					92A9928320396B7200BD2044 = {
						CreatedOnToolsVersion = 9.1;
						ProvisioningStyle = Automatic;
					};
				};
			};
			buildConfigurationList = 92A9927F20396B7200BD2044 /* Build configuration list for PBXProject "starter-test" */;
			compatibilityVersion = "Xcode 8.0";
			developmentRegion = en;
			hasScannedForEncodings = 0;
			knownRegions = (
				en,
				Base,
			);
			mainGroup = 92A9927B20396B7200BD2044;
			productRefGroup = 92A9928520396B7300BD2044 /* Products */;
			projectDirPath = "";
			projectRoot = "";
			targets = (
				92A9928320396B7200BD2044 /* starter-test */,
			);
		};
/* End PBXProject section */

/* Begin PBXResourcesBuildPhase section */
		92A9928220396B7200BD2044 /* Resources */ = {
			isa = PBXResourcesBuildPhase;
			buildActionMask = 2147483647;
			files = (
				92A9929220396B7300BD2044 /* LaunchScreen.storyboard in Resources */,
				92A9928F20396B7300BD2044 /* Assets.xcassets in Resources */,
				92A9928D20396B7300BD2044 /* Main.storyboard in Resources */,
			);
			runOnlyForDeploymentPostprocessing = 0;
		};
/* End PBXResourcesBuildPhase section */

/* Begin PBXSourcesBuildPhase section */
		92A9928020396B7200BD2044 /* Sources */ = {
			isa = PBXSourcesBuildPhase;
			buildActionMask = 2147483647;
			files = (
				92A9928A20396B7300BD2044 /* ViewController.swift in Sources */,
				92A9929D20397B8000BD2044 /* ViewController2.swift in Sources */,
				92A9929B20396BFE00BD2044 /* Bilangan.swift in Sources */,
				92A9928820396B7300BD2044 /* AppDelegate.swift in Sources */,
			);
			runOnlyForDeploymentPostprocessing = 0;
		};
/* End PBXSourcesBuildPhase section */

/* Begin PBXVariantGroup section */
		92A9928B20396B7300BD2044 /* Main.storyboard */ = {
			isa = PBXVariantGroup;
			children = (
				92A9928C20396B7300BD2044 /* Base */,
			);
			name = Main.storyboard;
			sourceTree = "<group>";
		};
		92A9929020396B7300BD2044 /* LaunchScreen.storyboard */ = {
			isa = PBXVariantGroup;
			children = (
				92A9929120396B7300BD2044 /* Base */,
			);
			name = LaunchScreen.storyboard;
			sourceTree = "<group>";
		};
/* End PBXVariantGroup section */

/* Begin XCBuildConfiguration section */
		92A9929420396B7300BD2044 /* Debug */ = {
			isa = XCBuildConfiguration;
			buildSettings = {
				ALWAYS_SEARCH_USER_PATHS = NO;
				CLANG_ANALYZER_NONNULL = YES;
				CLANG_ANALYZER_NUMBER_OBJECT_CONVERSION = YES_AGGRESSIVE;
				CLANG_CXX_LANGUAGE_STANDARD = "gnu++14";
				CLANG_CXX_LIBRARY = "libc++";
				CLANG_ENABLE_MODULES = YES;
				CLANG_ENABLE_OBJC_ARC = YES;
				CLANG_WARN_BLOCK_CAPTURE_AUTORELEASING = YES;
				CLANG_WARN_BOOL_CONVERSION = YES;
				CLANG_WARN_COMMA = YES;
				CLANG_WARN_CONSTANT_CONVERSION = YES;
				CLANG_WARN_DIRECT_OBJC_ISA_USAGE = YES_ERROR;
				CLANG_WARN_DOCUMENTATION_COMMENTS = YES;
				CLANG_WARN_EMPTY_BODY = YES;
				CLANG_WARN_ENUM_CONVERSION = YES;
				CLANG_WARN_INFINITE_RECURSION = YES;
				CLANG_WARN_INT_CONVERSION = YES;
				CLANG_WARN_NON_LITERAL_NULL_CONVERSION = YES;
				CLANG_WARN_OBJC_LITERAL_CONVERSION = YES;
				CLANG_WARN_OBJC_ROOT_CLASS = YES_ERROR;
				CLANG_WARN_RANGE_LOOP_ANALYSIS = YES;
				CLANG_WARN_STRICT_PROTOTYPES = YES;
				CLANG_WARN_SUSPICIOUS_MOVE = YES;
				CLANG_WARN_UNGUARDED_AVAILABILITY = YES_AGGRESSIVE;
				CLANG_WARN_UNREACHABLE_CODE = YES;
				CLANG_WARN__DUPLICATE_METHOD_MATCH = YES;
				CODE_SIGN_IDENTITY = "iPhone Developer";
				COPY_PHASE_STRIP = NO;
				DEBUG_INFORMATION_FORMAT = dwarf;
				ENABLE_STRICT_OBJC_MSGSEND = YES;
				ENABLE_TESTABILITY = YES;
				GCC_C_LANGUAGE_STANDARD = gnu11;
				GCC_DYNAMIC_NO_PIC = NO;
				GCC_NO_COMMON_BLOCKS = YES;
				GCC_OPTIMIZATION_LEVEL = 0;
				GCC_PREPROCESSOR_DEFINITIONS = (
					"DEBUG=1",
					"$(inherited)",
				);
				GCC_WARN_64_TO_32_BIT_CONVERSION = YES;
				GCC_WARN_ABOUT_RETURN_TYPE = YES_ERROR;
				GCC_WARN_UNDECLARED_SELECTOR = YES;
				GCC_WARN_UNINITIALIZED_AUTOS = YES_AGGRESSIVE;
				GCC_WARN_UNUSED_FUNCTION = YES;
				GCC_WARN_UNUSED_VARIABLE = YES;
				IPHONEOS_DEPLOYMENT_TARGET = 11.1;
				MTL_ENABLE_DEBUG_INFO = YES;
				ONLY_ACTIVE_ARCH = YES;
				SDKROOT = iphoneos;
				SWIFT_ACTIVE_COMPILATION_CONDITIONS = DEBUG;
				SWIFT_OPTIMIZATION_LEVEL = "-Onone";
			};
			name = Debug;
		};
		92A9929520396B7300BD2044 /* Release */ = {
			isa = XCBuildConfiguration;
			buildSettings = {
				ALWAYS_SEARCH_USER_PATHS = NO;
				CLANG_ANALYZER_NONNULL = YES;
				CLANG_ANALYZER_NUMBER_OBJECT_CONVERSION = YES_AGGRESSIVE;
				CLANG_CXX_LANGUAGE_STANDARD = "gnu++14";
				CLANG_CXX_LIBRARY = "libc++";
				CLANG_ENABLE_MODULES = YES;
				CLANG_ENABLE_OBJC_ARC = YES;
				CLANG_WARN_BLOCK_CAPTURE_AUTORELEASING = YES;
				CLANG_WARN_BOOL_CONVERSION = YES;
				CLANG_WARN_COMMA = YES;
				CLANG_WARN_CONSTANT_CONVERSION = YES;
				CLANG_WARN_DIRECT_OBJC_ISA_USAGE = YES_ERROR;
				CLANG_WARN_DOCUMENTATION_COMMENTS = YES;
				CLANG_WARN_EMPTY_BODY = YES;
				CLANG_WARN_ENUM_CONVERSION = YES;
				CLANG_WARN_INFINITE_RECURSION = YES;
				CLANG_WARN_INT_CONVERSION = YES;
				CLANG_WARN_NON_LITERAL_NULL_CONVERSION = YES;
				CLANG_WARN_OBJC_LITERAL_CONVERSION = YES;
				CLANG_WARN_OBJC_ROOT_CLASS = YES_ERROR;
				CLANG_WARN_RANGE_LOOP_ANALYSIS = YES;
				CLANG_WARN_STRICT_PROTOTYPES = YES;
				CLANG_WARN_SUSPICIOUS_MOVE = YES;
				CLANG_WARN_UNGUARDED_AVAILABILITY = YES_AGGRESSIVE;
				CLANG_WARN_UNREACHABLE_CODE = YES;
				CLANG_WARN__DUPLICATE_METHOD_MATCH = YES;
				CODE_SIGN_IDENTITY = "iPhone Developer";
				COPY_PHASE_STRIP = NO;
				DEBUG_INFORMATION_FORMAT = "dwarf-with-dsym";
				ENABLE_NS_ASSERTIONS = NO;
				ENABLE_STRICT_OBJC_MSGSEND = YES;
				GCC_C_LANGUAGE_STANDARD = gnu11;
				GCC_NO_COMMON_BLOCKS = YES;
				GCC_WARN_64_TO_32_BIT_CONVERSION = YES;
				GCC_WARN_ABOUT_RETURN_TYPE = YES_ERROR;
				GCC_WARN_UNDECLARED_SELECTOR = YES;
				GCC_WARN_UNINITIALIZED_AUTOS = YES_AGGRESSIVE;
				GCC_WARN_UNUSED_FUNCTION = YES;
				GCC_WARN_UNUSED_VARIABLE = YES;
				IPHONEOS_DEPLOYMENT_TARGET = 11.1;
				MTL_ENABLE_DEBUG_INFO = NO;
				SDKROOT = iphoneos;
				SWIFT_OPTIMIZATION_LEVEL = "-Owholemodule";
				VALIDATE_PRODUCT = YES;
			};
			name = Release;
		};
		92A9929720396B7300BD2044 /* Debug */ = {
			isa = XCBuildConfiguration;
			buildSettings = {
				ASSETCATALOG_COMPILER_APPICON_NAME = AppIcon;
				CODE_SIGN_STYLE = Automatic;
				INFOPLIST_FILE = "starter-test/Info.plist";
				LD_RUNPATH_SEARCH_PATHS = "$(inherited) @executable_path/Frameworks";
				PRODUCT_BUNDLE_IDENTIFIER = "co.id.starter-test";
				PRODUCT_NAME = "$(TARGET_NAME)";
				SWIFT_VERSION = 4.0;
				TARGETED_DEVICE_FAMILY = "1,2";
			};
			name = Debug;
		};
		92A9929820396B7300BD2044 /* Release */ = {
			isa = XCBuildConfiguration;
			buildSettings = {
				ASSETCATALOG_COMPILER_APPICON_NAME = AppIcon;
				CODE_SIGN_STYLE = Automatic;
				INFOPLIST_FILE = "starter-test/Info.plist";
				LD_RUNPATH_SEARCH_PATHS = "$(inherited) @executable_path/Frameworks";
				PRODUCT_BUNDLE_IDENTIFIER = "co.id.starter-test";
				PRODUCT_NAME = "$(TARGET_NAME)";
				SWIFT_VERSION = 4.0;
				TARGETED_DEVICE_FAMILY = "1,2";
			};
			name = Release;
		};
/* End XCBuildConfiguration section */

/* Begin XCConfigurationList section */
		92A9927F20396B7200BD2044 /* Build configuration list for PBXProject "starter-test" */ = {
			isa = XCConfigurationList;
			buildConfigurations = (
				92A9929420396B7300BD2044 /* Debug */,
				92A9929520396B7300BD2044 /* Release */,
			);
			defaultConfigurationIsVisible = 0;
			defaultConfigurationName = Release;
		};
		92A9929620396B7300BD2044 /* Build configuration list for PBXNativeTarget "starter-test" */ = {
			isa = XCConfigurationList;
			buildConfigurations = (
				92A9929720396B7300BD2044 /* Debug */,
				92A9929820396B7300BD2044 /* Release */,
			);
			defaultConfigurationIsVisible = 0;
			defaultConfigurationName = Release;
		};
/* End XCConfigurationList section */
	};
	rootObject = 92A9927C20396B7200BD2044 /* Project object */;
}
